
Microsoft Visual Studio Solution File, Format Version 12.00
# Visual Studio 2013
VisualStudioVersion = 12.0.31101.0
MinimumVisualStudioVersion = 10.0.40219.1
Project("{FAE04EC0-301F-11D3-BF4B-00C04F79EFBC}") = "RemoveUSB", "RemoveUSB\RemoveUSB.csproj", "{F7B8B842-4102-466D-954B-BF05C255D9E2}"
EndProject
Project("{FAE04EC0-301F-11D3-BF4B-00C04F79EFBC}") = "UsbEject", "UsbEject\UsbEject.csproj", "{E1CCAEDD-96AB-4DE0-ADD2-89F43AA65C1F}"
EndProject
Project("{FAE04EC0-301F-11D3-BF4B-00C04F79EFBC}") = "RemoveUSBTests", "RemoveUSBTests\RemoveUSBTests.csproj", "{64119829-176F-4889-9EB0-066E55E5F18A}"
EndProject
Global
	GlobalSection(SolutionConfigurationPlatforms) = preSolution
		Debug|Any CPU = Debug|Any CPU
		Release|Any CPU = Release|Any CPU
	EndGlobalSection
	GlobalSection(ProjectConfigurationPlatforms) = postSolution
		{F7B8B842-4102-466D-954B-BF05C255D9E2}.Debug|Any CPU.ActiveCfg = Debug|Any CPU
		{F7B8B842-4102-466D-954B-BF05C255D9E2}.Debug|Any CPU.Build.0 = Debug|Any CPU
		{F7B8B842-4102-466D-954B-BF05C255D9E2}.Release|Any CPU.ActiveCfg = Release|Any CPU
		{F7B8B842-4102-466D-954B-BF05C255D9E2}.Release|Any CPU.Build.0 = Release|Any CPU
		{E1CCAEDD-96AB-4DE0-ADD2-89F43AA65C1F}.Debug|Any CPU.ActiveCfg = Debug|Any CPU
		{E1CCAEDD-96AB-4DE0-ADD2-89F43AA65C1F}.Debug|Any CPU.Build.0 = Debug|Any CPU
		{E1CCAEDD-96AB-4DE0-ADD2-89F43AA65C1F}.Release|Any CPU.ActiveCfg = Release|Any CPU
		{E1CCAEDD-96AB-4DE0-ADD2-89F43AA65C1F}.Release|Any CPU.Build.0 = Release|Any CPU
		{64119829-176F-4889-9EB0-066E55E5F18A}.Debug|Any CPU.ActiveCfg = Debug|Any CPU
		{64119829-176F-4889-9EB0-066E55E5F18A}.Debug|Any CPU.Build.0 = Debug|Any CPU
		{64119829-176F-4889-9EB0-066E55E5F18A}.Release|Any CPU.ActiveCfg = Release|Any CPU
		{64119829-176F-4889-9EB0-066E55E5F18A}.Release|Any CPU.Build.0 = Release|Any CPU
	EndGlobalSection
	GlobalSection(SolutionProperties) = preSolution
		HideSolutionNode = FALSE
	EndGlobalSection
EndGlobal
